# This file is generated by running "yarn install" inside your project.
# Manual changes might be lost - proceed with caution!

__metadata:
  version: 6
  cacheKey: 8

"@emotion/is-prop-valid@npm:^0.8.2":
  version: 0.8.8
  resolution: "@emotion/is-prop-valid@npm:0.8.8"
  dependencies:
    "@emotion/memoize": 0.7.4
  checksum: bb7ec6d48c572c540e24e47cc94fc2f8dec2d6a342ae97bc9c8b6388d9b8d283862672172a1bb62d335c02662afe6291e10c71e9b8642664a8b43416cdceffac
  languageName: node
  linkType: hard

"@emotion/memoize@npm:0.7.4":
  version: 0.7.4
  resolution: "@emotion/memoize@npm:0.7.4"
  checksum: 4e3920d4ec95995657a37beb43d3f4b7d89fed6caa2b173a4c04d10482d089d5c3ea50bbc96618d918b020f26ed6e9c4026bbd45433566576c1f7b056c3271dc
  languageName: node
  linkType: hard

"@next/env@npm:14.2.5":
  version: 14.2.5
  resolution: "@next/env@npm:14.2.5"
  checksum: 6d75b20ad8933f97d12e1008b37664854d969244764db6e77e57ccac3c5ec2b9be6f46c8b8a4245e27ff263022e1b6dc6005d54dd936509d622960289774c8a0
  languageName: node
  linkType: hard

"@next/swc-darwin-arm64@npm:14.2.5":
  version: 14.2.5
  resolution: "@next/swc-darwin-arm64@npm:14.2.5"
  conditions: os=darwin & cpu=arm64
  languageName: node
  linkType: hard

"@next/swc-darwin-x64@npm:14.2.5":
  version: 14.2.5
  resolution: "@next/swc-darwin-x64@npm:14.2.5"
  conditions: os=darwin & cpu=x64
  languageName: node
  linkType: hard

"@next/swc-linux-arm64-gnu@npm:14.2.5":
  version: 14.2.5
  resolution: "@next/swc-linux-arm64-gnu@npm:14.2.5"
  conditions: os=linux & cpu=arm64 & libc=glibc
  languageName: node
  linkType: hard

"@next/swc-linux-arm64-musl@npm:14.2.5":
  version: 14.2.5
  resolution: "@next/swc-linux-arm64-musl@npm:14.2.5"
  conditions: os=linux & cpu=arm64 & libc=musl
  languageName: node
  linkType: hard

"@next/swc-linux-x64-gnu@npm:14.2.5":
  version: 14.2.5
  resolution: "@next/swc-linux-x64-gnu@npm:14.2.5"
  conditions: os=linux & cpu=x64 & libc=glibc
  languageName: node
  linkType: hard

"@next/swc-linux-x64-musl@npm:14.2.5":
  version: 14.2.5
  resolution: "@next/swc-linux-x64-musl@npm:14.2.5"
  conditions: os=linux & cpu=x64 & libc=musl
  languageName: node
  linkType: hard

"@next/swc-win32-arm64-msvc@npm:14.2.5":
  version: 14.2.5
  resolution: "@next/swc-win32-arm64-msvc@npm:14.2.5"
  conditions: os=win32 & cpu=arm64
  languageName: node
  linkType: hard

"@next/swc-win32-ia32-msvc@npm:14.2.5":
  version: 14.2.5
  resolution: "@next/swc-win32-ia32-msvc@npm:14.2.5"
  conditions: os=win32 & cpu=ia32
  languageName: node
  linkType: hard

"@next/swc-win32-x64-msvc@npm:14.2.5":
  version: 14.2.5
  resolution: "@next/swc-win32-x64-msvc@npm:14.2.5"
  conditions: os=win32 & cpu=x64
  languageName: node
  linkType: hard

"@swc/counter@npm:^0.1.3":
  version: 0.1.3
  resolution: "@swc/counter@npm:0.1.3"
  checksum: df8f9cfba9904d3d60f511664c70d23bb323b3a0803ec9890f60133954173047ba9bdeabce28cd70ba89ccd3fd6c71c7b0bd58be85f611e1ffbe5d5c18616598
  languageName: node
  linkType: hard

"@swc/helpers@npm:0.5.5":
  version: 0.5.5
  resolution: "@swc/helpers@npm:0.5.5"
  dependencies:
    "@swc/counter": ^0.1.3
    tslib: ^2.4.0
  checksum: d4f207b191e54b29460804ddf2984ba6ece1d679a0b2f6a9c765dcf27bba92c5769e7965668a4546fb9f1021eaf0ff9be4bf5c235ce12adcd65acdfe77187d11
  languageName: node
  linkType: hard

"busboy@npm:1.6.0":
  version: 1.6.0
  resolution: "busboy@npm:1.6.0"
  dependencies:
    streamsearch: ^1.1.0
  checksum: 32801e2c0164e12106bf236291a00795c3c4e4b709ae02132883fe8478ba2ae23743b11c5735a0aae8afe65ac4b6ca4568b91f0d9fed1fdbc32ede824a73746e
  languageName: node
  linkType: hard

"caniuse-lite@npm:^1.0.30001579":
  version: 1.0.30001651
  resolution: "caniuse-lite@npm:1.0.30001651"
  checksum: c31a5a01288e70cdbbfb5cd94af3df02f295791673173b8ce6d6a16db4394a6999197d44190be5a6ff06b8c2c7d2047e94dfd5e5eb4c103ab000fca2d370afc7
  languageName: node
  linkType: hard

"client-only@npm:0.0.1":
  version: 0.0.1
  resolution: "client-only@npm:0.0.1"
  checksum: 0c16bf660dadb90610553c1d8946a7fdfb81d624adea073b8440b7d795d5b5b08beb3c950c6a2cf16279365a3265158a236876d92bce16423c485c322d7dfaf8
  languageName: node
  linkType: hard

"framer-motion@npm:^10.12.18":
  version: 10.18.0
  resolution: "framer-motion@npm:10.18.0"
  dependencies:
    "@emotion/is-prop-valid": ^0.8.2
    tslib: ^2.4.0
  peerDependencies:
    react: ^18.0.0
    react-dom: ^18.0.0
  dependenciesMeta:
    "@emotion/is-prop-valid":
      optional: true
  peerDependenciesMeta:
    react:
      optional: true
    react-dom:
      optional: true
  checksum: b43f1edcfc8c2226e3325517612d2abb7455455c4d2232d62499d70a603a51ffdd6a810aa7b5e783a25860856ec6c6e5b3bcf749846facedc54a063f9a548f0b
  languageName: node
  linkType: hard

"graceful-fs@npm:^4.2.11":
  version: 4.2.11
  resolution: "graceful-fs@npm:4.2.11"
  checksum: ac85f94da92d8eb6b7f5a8b20ce65e43d66761c55ce85ac96df6865308390da45a8d3f0296dd3a663de65d30ba497bd46c696cc1e248c72b13d6d567138a4fc7
  languageName: node
  linkType: hard

"js-tokens@npm:^3.0.0 || ^4.0.0":
  version: 4.0.0
  resolution: "js-tokens@npm:4.0.0"
  checksum: 8a95213a5a77deb6cbe94d86340e8d9ace2b93bc367790b260101d2f36a2eaf4e4e22d9fa9cf459b38af3a32fb4190e638024cf82ec95ef708680e405ea7cc78
  languageName: node
  linkType: hard

"loose-envify@npm:^1.1.0":
  version: 1.4.0
  resolution: "loose-envify@npm:1.4.0"
  dependencies:
    js-tokens: ^3.0.0 || ^4.0.0
  bin:
    loose-envify: cli.js
  checksum: 6517e24e0cad87ec9888f500c5b5947032cdfe6ef65e1c1936a0c48a524b81e65542c9c3edc91c97d5bddc806ee2a985dbc79be89215d613b1de5db6d1cfe6f4
  languageName: node
  linkType: hard

"nanoid@npm:^3.3.6":
  version: 3.3.7
  resolution: "nanoid@npm:3.3.7"
  bin:
    nanoid: bin/nanoid.cjs
  checksum: d36c427e530713e4ac6567d488b489a36582ef89da1d6d4e3b87eded11eb10d7042a877958c6f104929809b2ab0bafa17652b076cdf84324aa75b30b722204f2
  languageName: node
  linkType: hard

"next@npm:latest":
  version: 14.2.5
  resolution: "next@npm:14.2.5"
  dependencies:
    "@next/env": 14.2.5
    "@next/swc-darwin-arm64": 14.2.5
    "@next/swc-darwin-x64": 14.2.5
    "@next/swc-linux-arm64-gnu": 14.2.5
    "@next/swc-linux-arm64-musl": 14.2.5
    "@next/swc-linux-x64-gnu": 14.2.5
    "@next/swc-linux-x64-musl": 14.2.5
    "@next/swc-win32-arm64-msvc": 14.2.5
    "@next/swc-win32-ia32-msvc": 14.2.5
    "@next/swc-win32-x64-msvc": 14.2.5
    "@swc/helpers": 0.5.5
    busboy: 1.6.0
    caniuse-lite: ^1.0.30001579
    graceful-fs: ^4.2.11
    postcss: 8.4.31
    styled-jsx: 5.1.1
  peerDependencies:
    "@opentelemetry/api": ^1.1.0
    "@playwright/test": ^1.41.2
    react: ^18.2.0
    react-dom: ^18.2.0
    sass: ^1.3.0
  dependenciesMeta:
    "@next/swc-darwin-arm64":
      optional: true
    "@next/swc-darwin-x64":
      optional: true
    "@next/swc-linux-arm64-gnu":
      optional: true
    "@next/swc-linux-arm64-musl":
      optional: true
    "@next/swc-linux-x64-gnu":
      optional: true
    "@next/swc-linux-x64-musl":
      optional: true
    "@next/swc-win32-arm64-msvc":
      optional: true
    "@next/swc-win32-ia32-msvc":
      optional: true
    "@next/swc-win32-x64-msvc":
      optional: true
  peerDependenciesMeta:
    "@opentelemetry/api":
      optional: true
    "@playwright/test":
      optional: true
    sass:
      optional: true
  bin:
    next: dist/bin/next
  checksum: 170d9b10c63c9b137a6c659395068568443bbe69c3bc526ac27d8f34bb4a72d705927ed99955fa782249ebb7bbca6f8389404a61fe881676c8e701db054c63d2
  languageName: node
  linkType: hard

"picocolors@npm:^1.0.0":
  version: 1.0.1
  resolution: "picocolors@npm:1.0.1"
  checksum: fa68166d1f56009fc02a34cdfd112b0dd3cf1ef57667ac57281f714065558c01828cdf4f18600ad6851cbe0093952ed0660b1e0156bddf2184b6aaf5817553a5
  languageName: node
  linkType: hard

"postcss@npm:8.4.31":
  version: 8.4.31
  resolution: "postcss@npm:8.4.31"
  dependencies:
    nanoid: ^3.3.6
    picocolors: ^1.0.0
    source-map-js: ^1.0.2
  checksum: 1d8611341b073143ad90486fcdfeab49edd243377b1f51834dc4f6d028e82ce5190e4f11bb2633276864503654fb7cab28e67abdc0fbf9d1f88cad4a0ff0beea
  languageName: node
  linkType: hard

"react-dom@npm:18.2.0":
  version: 18.2.0
  resolution: "react-dom@npm:18.2.0"
  dependencies:
    loose-envify: ^1.1.0
    scheduler: ^0.23.0
  peerDependencies:
    react: ^18.2.0
  checksum: 7d323310bea3a91be2965f9468d552f201b1c27891e45ddc2d6b8f717680c95a75ae0bc1e3f5cf41472446a2589a75aed4483aee8169287909fcd59ad149e8cc
  languageName: node
  linkType: hard

"react-type-animation@npm:^3.1.0":
  version: 3.2.0
  resolution: "react-type-animation@npm:3.2.0"
  peerDependencies:
    prop-types: ^15.5.4
    react: ">= 15.0.0"
    react-dom: ">= 15.0.0"
  checksum: 4b7d92df71d8ed6cf53f182ce4ef9fb29636a86b14aa3852e5cbab11fd894e84bde12c6bb8e406258275ff2d0d875d0333dd67d91c9783d96bdefacb92c304cd
  languageName: node
  linkType: hard

"react@npm:18.2.0":
  version: 18.2.0
  resolution: "react@npm:18.2.0"
  dependencies:
    loose-envify: ^1.1.0
  checksum: 88e38092da8839b830cda6feef2e8505dec8ace60579e46aa5490fc3dc9bba0bd50336507dc166f43e3afc1c42939c09fe33b25fae889d6f402721dcd78fca1b
  languageName: node
  linkType: hard

"root-workspace-0b6124@workspace:.":
  version: 0.0.0-use.local
  resolution: "root-workspace-0b6124@workspace:."
  dependencies:
    framer-motion: ^10.12.18
    next: latest
    react: 18.2.0
    react-dom: 18.2.0
    react-type-animation: ^3.1.0
    swiper: ^10.0.4
  languageName: unknown
  linkType: soft

"scheduler@npm:^0.23.0":
  version: 0.23.2
  resolution: "scheduler@npm:0.23.2"
  dependencies:
    loose-envify: ^1.1.0
  checksum: 3e82d1f419e240ef6219d794ff29c7ee415fbdc19e038f680a10c067108e06284f1847450a210b29bbaf97b9d8a97ced5f624c31c681248ac84c80d56ad5a2c4
  languageName: node
  linkType: hard

"source-map-js@npm:^1.0.2":
  version: 1.2.0
  resolution: "source-map-js@npm:1.2.0"
  checksum: 791a43306d9223792e84293b00458bf102a8946e7188f3db0e4e22d8d530b5f80a4ce468eb5ec0bf585443ad55ebbd630bf379c98db0b1f317fd902500217f97
  languageName: node
  linkType: hard

"streamsearch@npm:^1.1.0":
  version: 1.1.0
  resolution: "streamsearch@npm:1.1.0"
  checksum: 1cce16cea8405d7a233d32ca5e00a00169cc0e19fbc02aa839959985f267335d435c07f96e5e0edd0eadc6d39c98d5435fb5bbbdefc62c41834eadc5622ad942
  languageName: node
  linkType: hard

"styled-jsx@npm:5.1.1":
  version: 5.1.1
  resolution: "styled-jsx@npm:5.1.1"
  dependencies:
    client-only: 0.0.1
  peerDependencies:
    react: ">= 16.8.0 || 17.x.x || ^18.0.0-0"
  peerDependenciesMeta:
    "@babel/core":
      optional: true
    babel-plugin-macros:
      optional: true
  checksum: 523a33b38603492547e861b98e29c873939b04e15fbe5ef16132c6f1e15958126647983c7d4675325038b428a5e91183d996e90141b18bdd1bbadf6e2c45b2fa
  languageName: node
  linkType: hard

"swiper@npm:^10.0.4":
  version: 10.3.1
  resolution: "swiper@npm:10.3.1"
  checksum: 9a785930ca0ab0683d7e5e116c25a38e1f8818d6f9e93848125bdf3e1874e12a6c3b9f4e9c54668e4accc2440a6f031de98cfc01a1b0068c77f8de4115034e4d
  languageName: node
  linkType: hard

"tslib@npm:^2.4.0":
  version: 2.6.3
  resolution: "tslib@npm:2.6.3"
  checksum: 74fce0e100f1ebd95b8995fbbd0e6c91bdd8f4c35c00d4da62e285a3363aaa534de40a80db30ecfd388ed7c313c42d930ee0eaf108e8114214b180eec3dbe6f5
  languageName: node
  linkType: hard
